
Microsoft Visual Studio Solution File, Format Version 12.00
# Visual Studio Version 17
VisualStudioVersion = 17.8.34511.84
MinimumVisualStudioVersion = 10.0.40219.1
Project("{FAE04EC0-301F-11D3-BF4B-00C04F79EFBC}") = "BierwinkelBL", "BierwinkelBL\BierwinkelBL.csproj", "{54823036-0625-4618-92D5-E61F0566C521}"
EndProject
Project("{FAE04EC0-301F-11D3-BF4B-00C04F79EFBC}") = "ConsoleAppTestWinkel", "ConsoleAppTestWinkel\ConsoleAppTestWinkel.csproj", "{A7E7A0C4-EBD0-40ED-B80B-EF1AC39D0978}"
EndProject
Global
	GlobalSection(SolutionConfigurationPlatforms) = preSolution
		Debug|Any CPU = Debug|Any CPU
		Release|Any CPU = Release|Any CPU
	EndGlobalSection
	GlobalSection(ProjectConfigurationPlatforms) = postSolution
		{54823036-0625-4618-92D5-E61F0566C521}.Debug|Any CPU.ActiveCfg = Debug|Any CPU
		{54823036-0625-4618-92D5-E61F0566C521}.Debug|Any CPU.Build.0 = Debug|Any CPU
		{54823036-0625-4618-92D5-E61F0566C521}.Release|Any CPU.ActiveCfg = Release|Any CPU
		{54823036-0625-4618-92D5-E61F0566C521}.Release|Any CPU.Build.0 = Release|Any CPU
		{A7E7A0C4-EBD0-40ED-B80B-EF1AC39D0978}.Debug|Any CPU.ActiveCfg = Debug|Any CPU
		{A7E7A0C4-EBD0-40ED-B80B-EF1AC39D0978}.Debug|Any CPU.Build.0 = Debug|Any CPU
		{A7E7A0C4-EBD0-40ED-B80B-EF1AC39D0978}.Release|Any CPU.ActiveCfg = Release|Any CPU
		{A7E7A0C4-EBD0-40ED-B80B-EF1AC39D0978}.Release|Any CPU.Build.0 = Release|Any CPU
	EndGlobalSection
	GlobalSection(SolutionProperties) = preSolution
		HideSolutionNode = FALSE
	EndGlobalSection
	GlobalSection(ExtensibilityGlobals) = postSolution
		SolutionGuid = {12BC8A71-2CE1-4C02-BCF0-B999F2A3ED03}
	EndGlobalSection
EndGlobal
